
Microsoft Visual Studio Solution File, Format Version 12.00
# Visual Studio 2012
Project("{FAE04EC0-301F-11D3-BF4B-00C04F79EFBC}") = "EliseCouture.Web", "EliseCouture.Web\EliseCouture.Web.csproj", "{AEFCFF42-1EB5-4326-89EE-4EAA043350DB}"
EndProject
Global
	GlobalSection(SolutionConfigurationPlatforms) = preSolution
		Debug|Any CPU = Debug|Any CPU
		Release|Any CPU = Release|Any CPU
	EndGlobalSection
	GlobalSection(ProjectConfigurationPlatforms) = postSolution
		{AEFCFF42-1EB5-4326-89EE-4EAA043350DB}.Debug|Any CPU.ActiveCfg = Debug|Any CPU
		{AEFCFF42-1EB5-4326-89EE-4EAA043350DB}.Debug|Any CPU.Build.0 = Debug|Any CPU
		{AEFCFF42-1EB5-4326-89EE-4EAA043350DB}.Release|Any CPU.ActiveCfg = Release|Any CPU
		{AEFCFF42-1EB5-4326-89EE-4EAA043350DB}.Release|Any CPU.Build.0 = Release|Any CPU
	EndGlobalSection
	GlobalSection(SolutionProperties) = preSolution
		HideSolutionNode = FALSE
	EndGlobalSection
EndGlobal
